github.com/gin-gonic/gin v1.12.0/go.mod h1:VxccKfsSllpKshkBWgVgRniFFAzFb9csfngsqANjnLc=
github.com/google/uuid v1.6.0/go.mod h1:TIyPZe4MgqvfeYDBFedMoGGpEw/LqOeaOT+nhxU+yHo=
k8s.io/api v0.35.4/go.mod h1:yl4lqySWOgYJJf9RERXKUwE9g2y+CkuwG+xmcOK8wXU=
k8s.io/apimachinery v0.35.4/go.mod h1:NNi1taPOpep0jOj+oRha3mBJPqvi0hGdaV8TCqGQ+cc=
k8s.io/client-go v0.35.4/go.mod h1:2Pg9WpsS4NeOpoYTfHHfMxBG8zFMSAUi4O/qoiJC3nY=
